
Microsoft Visual Studio Solution File, Format Version 12.00
# Visual Studio Version 16
VisualStudioVersion = 16.0.31410.357
MinimumVisualStudioVersion = 10.0.40219.1
Project("{FAE04EC0-301F-11D3-BF4B-00C04F79EFBC}") = "DataBaseTest", "DataBaseTest\DataBaseTest.csproj", "{B540075F-6BEA-4D6A-9D05-9EEC87CF4017}"
EndProject
Global
	GlobalSection(SolutionConfigurationPlatforms) = preSolution
		Debug|Any CPU = Debug|Any CPU
		Release|Any CPU = Release|Any CPU
	EndGlobalSection
	GlobalSection(ProjectConfigurationPlatforms) = postSolution
		{B540075F-6BEA-4D6A-9D05-9EEC87CF4017}.Debug|Any CPU.ActiveCfg = Debug|Any CPU
		{B540075F-6BEA-4D6A-9D05-9EEC87CF4017}.Debug|Any CPU.Build.0 = Debug|Any CPU
		{B540075F-6BEA-4D6A-9D05-9EEC87CF4017}.Release|Any CPU.ActiveCfg = Release|Any CPU
		{B540075F-6BEA-4D6A-9D05-9EEC87CF4017}.Release|Any CPU.Build.0 = Release|Any CPU
	EndGlobalSection
	GlobalSection(SolutionProperties) = preSolution
		HideSolutionNode = FALSE
	EndGlobalSection
	GlobalSection(ExtensibilityGlobals) = postSolution
		SolutionGuid = {1AAF8623-3EBE-46EC-A3AD-FC34C2802919}
	EndGlobalSection
EndGlobal
